{
  "version": 4,
  "terraform_version": "1.5.7",
  "serial": 19,
  "lineage": "083cfce1-9698-c7ed-5291-57ed41d9b03a",
  "outputs": {
    "database_connections": {
      "value": {
        "app1": {
          "database": "webapp1",
          "host": "private-webapp-mysql-cluster-do-user-23472575-0.k.db.ondigitalocean.com",
          "password": "AVNS_UrqPN30TxCF7qKe2AZQ",
          "port": 25060,
          "username": "appuser1"
        },
        "app2": {
          "database": "webapp2",
          "host": "private-webapp-mysql-cluster-do-user-23472575-0.k.db.ondigitalocean.com",
          "password": "AVNS_jm670x06JXsrJGdtjXC",
          "port": 25060,
          "username": "appuser2"
        }
      },
      "type": [
        "object",
        {
          "app1": [
            "object",
            {
              "database": "string",
              "host": "string",
              "password": "string",
              "port": "number",
              "username": "string"
            }
          ],
          "app2": [
            "object",
            {
              "database": "string",
              "host": "string",
              "password": "string",
              "port": "number",
              "username": "string"
            }
          ]
        }
      ],
      "sensitive": true
    },
    "database_host": {
      "value": "private-webapp-mysql-cluster-do-user-23472575-0.k.db.ondigitalocean.com",
      "type": "string"
    },
    "droplet_ips": {
      "value": [
        "161.35.5.55",
        "68.183.140.158"
      ],
      "type": [
        "tuple",
        [
          "string",
          "string"
        ]
      ]
    },
    "load_balancer_ip": {
      "value": "143.244.203.235",
      "type": "string"
    },
    "load_balancer_status": {
      "value": "active",
      "type": "string"
    },
    "vpc_id": {
      "value": "dff0b009-8b9c-4142-96ad-cfbace698e75",
      "type": "string"
    }
  },
  "resources": [
    {
      "mode": "managed",
      "type": "digitalocean_ssh_key",
      "name": "main",
      "provider": "provider[\"registry.terraform.io/digitalocean/digitalocean\"]",
      "instances": [
        {
          "schema_version": 0,
          "attributes": {
            "fingerprint": "56:b6:82:8c:84:e4:53:da:91:2d:9f:ec:3c:0e:41:81",
            "id": "48869376",
            "name": "terraform-key",
            "public_key": "ssh-rsa AAAAB3NzaC1yc2EAAAADAQABAAACAQC9/NYYeKDlJJjMXnYKrFUQpSWBiCS3tQwhkM/bA7X6/Fwbh4WB4MqtI+pRJDl1k0nei5E+1WkWMwWmo4gAvKvtQkM7Mgtr88+sQRGVnD6VmdUhunFyOMI2dGxciSsSH8JpbU9pO8EjpDWihjromdY5ClzTK523XuDtQUgS2zHyTFrWnxjKOzTcimO9Ha6w9oq2q/F97DvY9dMEaJwqhBIkBny4iguLxhgknWKSWFg1pEGbPVqZSnUps0TPP8eqoWyrXvfAi7CL4nw6qtXfavuBfGZjJjYD2849XHN311u/K6fjAs56CEow3T0CDNPR2Qug7fmQReUpQh3gp5nmjh3HlVrD+5uIiDb7cfplFpHbpRLMxK+fcRjXDGC7lMX8ogK8iLHAMlHjFROqfsV8rZAvQXYnN8EQWRK4fptXGejkCGeI4ADfLvgs2L9cbKHk1eUpG81CObhejbut7YOkowaQzpdvjNMjkOAMM8U9jYB99So3hwlmidPEPXV5RtFrihQ7H4e4MZmhywA0LKMorCpEAdx06/cbncmxiWXlZHYx3wzai5zcigrBjTKs2xuj/NpLFYqyVUVnBg0yMdMoFkBubKYNEhfVxfEepHzMLXoQol2XpHEwTYXq4zDmCw6bBwecgJ65mkF7ctz2vYCxhZb48G4y+f7k/d/wPhFfQZWHGQ== kevin.kilonzi@nathandigital.com\n",
            "timeouts": null
          },
          "sensitive_attributes": [],
          "private": "eyJlMmJmYjczMC1lY2FhLTExZTYtOGY4OC0zNDM2M2JjN2M0YzAiOnsiY3JlYXRlIjoxMjAwMDAwMDAwMDB9fQ=="
        }
      ]
    },
    {
      "module": "module.ansible",
      "mode": "managed",
      "type": "local_file",
      "name": "ansible_config",
      "provider": "provider[\"registry.terraform.io/hashicorp/local\"]",
      "instances": [
        {
          "schema_version": 0,
          "attributes": {
            "content": "[defaults]\ninventory = inventory.ini\nprivate_key_file = ~/.ssh/id_rsa\nhost_key_checking = False\nstdout_callback = yaml",
            "content_base64": null,
            "content_base64sha256": "Gfqzd1mh7CzQVttPCr85FFY2VQ7LgCMftaKoN5PH09o=",
            "content_base64sha512": "j1DpmeJzIxcciA3FMEiWVq6fkL90l9Wd7v0E+Cb+HNKVyBiBolDNmNQjh3fAudTGkRmvoD6Tx4yoB+SCGC0i1Q==",
            "content_md5": "f9998f500a02aff245858820c007629c",
            "content_sha1": "ada981df16be5d99ebd6365997e9e2c8c64b2982",
            "content_sha256": "19fab37759a1ec2cd056db4f0abf39145636550ecb80231fb5a2a83793c7d3da",
            "content_sha512": "8f50e999e27323171c880dc530489656ae9f90bf7497d59deefd04f826fe1cd295c81881a250cd98d4238777c0b9d4c69119afa03e93c78ca807e482182d22d5",
            "directory_permission": "0777",
            "file_permission": "0777",
            "filename": "./ansible/ansible.cfg",
            "id": "ada981df16be5d99ebd6365997e9e2c8c64b2982",
            "sensitive_content": null,
            "source": null
          },
          "sensitive_attributes": []
        }
      ]
    },
    {
      "module": "module.ansible",
      "mode": "managed",
      "type": "local_file",
      "name": "ansible_inventory",
      "provider": "provider[\"registry.terraform.io/hashicorp/local\"]",
      "instances": [
        {
          "schema_version": 0,
          "attributes": {
            "content": "[webservers]\nweb-1 ansible_host=161.35.5.55 ansible_user=root\nweb-2 ansible_host=68.183.140.158 ansible_user=root\n\n[all:vars]\nansible_ssh_common_args='-o StrictHostKeyChecking=no'\nansible_python_interpreter=/usr/bin/python3",
            "content_base64": null,
            "content_base64sha256": "+SocEn22eW/iv/ouTGWhkxOEk/mqd8KMH5ZHrwVsM7M=",
            "content_base64sha512": "RtpdxLKZ0HUHpWRUBzQy16YTMrYNaWktUzRazNpoZeNeu03BfjzqJKKCNutKbHbTu5ngA/N9EC9ojf76g5YeKg==",
            "content_md5": "f45593bceee2d0454359130f6a2b9167",
            "content_sha1": "1b84b093209c1b1a451e3ec597542102c5216b9b",
            "content_sha256": "f92a1c127db6796fe2bffa2e4c65a193138493f9aa77c28c1f9647af056c33b3",
            "content_sha512": "46da5dc4b299d07507a56454073432d7a61332b60d69692d53345accda6865e35ebb4dc17e3cea24a28236eb4a6c76d3bb99e003f37d102f688dfefa83961e2a",
            "directory_permission": "0777",
            "file_permission": "0777",
            "filename": "./ansible/inventory.ini",
            "id": "1b84b093209c1b1a451e3ec597542102c5216b9b",
            "sensitive_content": null,
            "source": null
          },
          "sensitive_attributes": [],
          "dependencies": [
            "digitalocean_ssh_key.main",
            "module.droplets.digitalocean_droplet.web",
            "module.network.digitalocean_vpc.main"
          ]
        }
      ]
    },
    {
      "module": "module.ansible",
      "mode": "managed",
      "type": "local_file",
      "name": "apache_template",
      "provider": "provider[\"registry.terraform.io/hashicorp/local\"]",
      "instances": [
        {
          "schema_version": 0,
          "attributes": {
            "content": "# HTTP Virtual Host\n\u003cVirtualHost *:80\u003e\n    ServerName localhost\n    DocumentRoot /root/api          \n    \n    \u003cDirectory /root/api\u003e\n        AllowOverride All\n        Require all granted\n    \u003c/Directory\u003e\n\u003c/VirtualHost\u003e\n\n# HTTPS Virtual Host (dormant until certificates exist)\n\u003cIfModule mod_ssl.c\u003e\n\u003cIfFile /etc/letsencrypt/live/*/fullchain.pem\u003e\n\u003cVirtualHost *:443\u003e\n    ServerName localhost\n    DocumentRoot /root/api          \n    \n    SSLEngine on\n    SSLCertificateFile /etc/letsencrypt/live/localhost/fullchain.pem\n    SSLCertificateKeyFile /etc/letsencrypt/live/localhost/privkey.pem\n    \n    \u003cDirectory /root/api\u003e\n        AllowOverride All\n        Require all granted\n    \u003c/Directory\u003e\n\u003c/VirtualHost\u003e\n\u003c/IfFile\u003e\n\u003c/IfModule\u003e",
            "content_base64": null,
            "content_base64sha256": "BJDzFdZqDCr08gSg6SsLelxJ0s+KxDgluGWMF8mYEOI=",
            "content_base64sha512": "hfl5RPv+/d8iPdJcYvgIUItWjlrr51lYs5TzCAksD681RJH4OLzPiO+GegeXjxl2gBZeTKkFS73zM/v7cFyXjw==",
            "content_md5": "652a986d0a6166d142dbf215b774e874",
            "content_sha1": "72fa762e49062d406fc7558305a8a253a7981895",
            "content_sha256": "0490f315d66a0c2af4f204a0e92b0b7a5c49d2cf8ac43825b8658c17c99810e2",
            "content_sha512": "85f97944fbfefddf223dd25c62f808508b568e5aebe75958b394f308092c0faf354491f838bccf88ef867a07978f197680165e4ca9054bbdf333fbfb705c978f",
            "directory_permission": "0777",
            "file_permission": "0777",
            "filename": "./ansible/templates/apache.conf.j2",
            "id": "72fa762e49062d406fc7558305a8a253a7981895",
            "sensitive_content": null,
            "source": null
          },
          "sensitive_attributes": []
        }
      ]
    },
    {
      "module": "module.ansible",
      "mode": "managed",
      "type": "local_file",
      "name": "create_ansible_dir",
      "provider": "provider[\"registry.terraform.io/hashicorp/local\"]",
      "instances": [
        {
          "schema_version": 0,
          "attributes": {
            "content": "",
            "content_base64": null,
            "content_base64sha256": "47DEQpj8HBSa+/TImW+5JCeuQeRkm5NMpJWZG3hSuFU=",
            "content_base64sha512": "z4PhNX7vuL3xVChQ1m2AB9Yg5AULVxXcg/SpIdNs6c5H0NE8XYXysP+DGNKHfuwvY7kxvUdBeoGlODJ6+SfaPg==",
            "content_md5": "d41d8cd98f00b204e9800998ecf8427e",
            "content_sha1": "da39a3ee5e6b4b0d3255bfef95601890afd80709",
            "content_sha256": "e3b0c44298fc1c149afbf4c8996fb92427ae41e4649b934ca495991b7852b855",
            "content_sha512": "cf83e1357eefb8bdf1542850d66d8007d620e4050b5715dc83f4a921d36ce9ce47d0d13c5d85f2b0ff8318d2877eec2f63b931bd47417a81a538327af927da3e",
            "directory_permission": "0777",
            "file_permission": "0777",
            "filename": "./ansible/.keep",
            "id": "da39a3ee5e6b4b0d3255bfef95601890afd80709",
            "sensitive_content": null,
            "source": null
          },
          "sensitive_attributes": []
        }
      ]
    },
    {
      "module": "module.ansible",
      "mode": "managed",
      "type": "local_file",
      "name": "create_templates_dir",
      "provider": "provider[\"registry.terraform.io/hashicorp/local\"]",
      "instances": [
        {
          "schema_version": 0,
          "attributes": {
            "content": "",
            "content_base64": null,
            "content_base64sha256": "47DEQpj8HBSa+/TImW+5JCeuQeRkm5NMpJWZG3hSuFU=",
            "content_base64sha512": "z4PhNX7vuL3xVChQ1m2AB9Yg5AULVxXcg/SpIdNs6c5H0NE8XYXysP+DGNKHfuwvY7kxvUdBeoGlODJ6+SfaPg==",
            "content_md5": "d41d8cd98f00b204e9800998ecf8427e",
            "content_sha1": "da39a3ee5e6b4b0d3255bfef95601890afd80709",
            "content_sha256": "e3b0c44298fc1c149afbf4c8996fb92427ae41e4649b934ca495991b7852b855",
            "content_sha512": "cf83e1357eefb8bdf1542850d66d8007d620e4050b5715dc83f4a921d36ce9ce47d0d13c5d85f2b0ff8318d2877eec2f63b931bd47417a81a538327af927da3e",
            "directory_permission": "0777",
            "file_permission": "0777",
            "filename": "./ansible/templates/.keep",
            "id": "da39a3ee5e6b4b0d3255bfef95601890afd80709",
            "sensitive_content": null,
            "source": null
          },
          "sensitive_attributes": []
        }
      ]
    },
    {
      "module": "module.ansible",
      "mode": "managed",
      "type": "local_file",
      "name": "setup_playbook",
      "provider": "provider[\"registry.terraform.io/hashicorp/local\"]",
      "instances": [
        {
          "schema_version": 0,
          "attributes": {
            "content": "---\n- name: Simple LAMP Setup\n  hosts: webservers\n  become: true\n  \n  tasks:\n    - name: Update packages\n      apt:\n        update_cache: true\n        \n    - name: Install LAMP stack\n      apt:\n        name:\n          - apache2\n          - php\n          - php-mysql\n          - mysql-client\n          - python3\n          - python3-pip\n          - certbot\n          - python3-certbot-apache\n        state: present\n        \n    - name: Create /root/api directory\n      file:\n        path: /root/api\n        state: directory\n        mode: '0755'\n        \n    - name: Configure Apache with SSL ready\n      template:\n        src: templates/apache.conf.j2\n        dest: /etc/apache2/sites-available/default.conf\n      notify: restart apache\n        \n    - name: Enable default site\n      command: a2ensite default.conf\n      notify: restart apache\n      \n    - name: Disable default Apache site\n      command: a2dissite 000-default\n      ignore_errors: true\n      notify: restart apache\n\n  handlers:\n    - name: restart apache\n      systemd:\n        name: apache2\n        state: restarted\n        enabled: true",
            "content_base64": null,
            "content_base64sha256": "aU9DBwDzaLert0TChWe87zur1HiVWHyp/e5M5VFqCHA=",
            "content_base64sha512": "dJ1tV28Dc78bd9nopeh30OaqkeCM6f32B9xMpHykgYJBBMy45C8NvYgIilhzQmryL9jJtwDp8DLWYGLcF4hF2A==",
            "content_md5": "5bca1db0f53808875261517f2535571e",
            "content_sha1": "403e23a690a942bb147d6573e1c97f90f363730f",
            "content_sha256": "694f430700f368b7abb744c28567bcef3babd47895587ca9fdee4ce5516a0870",
            "content_sha512": "749d6d576f0373bf1b77d9e8a5e877d0e6aa91e08ce9fdf607dc4ca47ca481824104ccb8e42f0dbd88088a5873426af22fd8c9b700e9f032d66062dc178845d8",
            "directory_permission": "0777",
            "file_permission": "0777",
            "filename": "./ansible/setup.yml",
            "id": "403e23a690a942bb147d6573e1c97f90f363730f",
            "sensitive_content": null,
            "source": null
          },
          "sensitive_attributes": []
        }
      ]
    },
    {
      "module": "module.database",
      "mode": "managed",
      "type": "digitalocean_database_cluster",
      "name": "mysql",
      "provider": "provider[\"registry.terraform.io/digitalocean/digitalocean\"]",
      "instances": [
        {
          "schema_version": 0,
          "attributes": {
            "backup_restore": [],
            "database": "defaultdb",
            "engine": "mysql",
            "eviction_policy": null,
            "host": "webapp-mysql-cluster-do-user-23472575-0.k.db.ondigitalocean.com",
            "id": "f8b815ff-8cec-49f3-904c-4a849be3239c",
            "maintenance_window": [],
            "name": "webapp-mysql-cluster",
            "node_count": 1,
            "password": "AVNS_j8pB9fJgt1Vr7ENHS2A",
            "port": 25060,
            "private_host": "private-webapp-mysql-cluster-do-user-23472575-0.k.db.ondigitalocean.com",
            "private_network_uuid": "dff0b009-8b9c-4142-96ad-cfbace698e75",
            "private_uri": "mysql://doadmin:AVNS_j8pB9fJgt1Vr7ENHS2A@private-webapp-mysql-cluster-do-user-23472575-0.k.db.ondigitalocean.com:25060/defaultdb?ssl-mode=REQUIRED",
            "project_id": "4a5259e9-1f74-4a75-aab4-410e365d4f7b",
            "region": "nyc1",
            "size": "db-s-1vcpu-1gb",
            "sql_mode": null,
            "storage_size_mib": "10240",
            "tags": [
              "mysql",
              "production"
            ],
            "timeouts": null,
            "ui_database": null,
            "ui_host": null,
            "ui_password": null,
            "ui_port": null,
            "ui_uri": null,
            "ui_user": null,
            "uri": "mysql://doadmin:AVNS_j8pB9fJgt1Vr7ENHS2A@webapp-mysql-cluster-do-user-23472575-0.k.db.ondigitalocean.com:25060/defaultdb?ssl-mode=REQUIRED",
            "urn": "do:dbaas:f8b815ff-8cec-49f3-904c-4a849be3239c",
            "user": "doadmin",
            "version": "8"
          },
          "sensitive_attributes": [],
          "private": "eyJlMmJmYjczMC1lY2FhLTExZTYtOGY4OC0zNDM2M2JjN2M0YzAiOnsiY3JlYXRlIjoxODAwMDAwMDAwMDAwfX0=",
          "dependencies": [
            "module.network.digitalocean_vpc.main"
          ]
        }
      ]
    },
    {
      "module": "module.database",
      "mode": "managed",
      "type": "digitalocean_database_db",
      "name": "app_databases",
      "provider": "provider[\"registry.terraform.io/digitalocean/digitalocean\"]",
      "instances": [
        {
          "index_key": "app1",
          "schema_version": 0,
          "attributes": {
            "cluster_id": "f8b815ff-8cec-49f3-904c-4a849be3239c",
            "id": "f8b815ff-8cec-49f3-904c-4a849be3239c/database/webapp1",
            "name": "webapp1"
          },
          "sensitive_attributes": [],
          "private": "bnVsbA==",
          "dependencies": [
            "module.database.digitalocean_database_cluster.mysql",
            "module.network.digitalocean_vpc.main"
          ]
        },
        {
          "index_key": "app2",
          "schema_version": 0,
          "attributes": {
            "cluster_id": "f8b815ff-8cec-49f3-904c-4a849be3239c",
            "id": "f8b815ff-8cec-49f3-904c-4a849be3239c/database/webapp2",
            "name": "webapp2"
          },
          "sensitive_attributes": [],
          "private": "bnVsbA==",
          "dependencies": [
            "module.database.digitalocean_database_cluster.mysql",
            "module.network.digitalocean_vpc.main"
          ]
        }
      ]
    },
    {
      "module": "module.database",
      "mode": "managed",
      "type": "digitalocean_database_firewall",
      "name": "mysql_firewall",
      "provider": "provider[\"registry.terraform.io/digitalocean/digitalocean\"]",
      "instances": [
        {
          "schema_version": 0,
          "attributes": {
            "cluster_id": "f8b815ff-8cec-49f3-904c-4a849be3239c",
            "id": "f8b815ff-8cec-49f3-904c-4a849be3239c-20250627205130910900000001",
            "rule": [
              {
                "created_at": "2025-06-27T20:51:30Z",
                "type": "droplet",
                "uuid": "cfea25b2-53d6-4716-9d4c-2f45f5339bb7",
                "value": "504788405"
              },
              {
                "created_at": "2025-06-27T20:51:30Z",
                "type": "droplet",
                "uuid": "fb74d278-890b-4620-827f-fd98445b2972",
                "value": "504788401"
              },
              {
                "created_at": "2025-06-27T20:51:30Z",
                "type": "ip_addr",
                "uuid": "9019ff9a-136c-4bfb-8f4d-c8ee9f5f6992",
                "value": "10.0.0.0/24"
              }
            ]
          },
          "sensitive_attributes": [],
          "private": "bnVsbA==",
          "dependencies": [
            "digitalocean_ssh_key.main",
            "module.database.digitalocean_database_cluster.mysql",
            "module.droplets.digitalocean_droplet.web",
            "module.network.digitalocean_vpc.main"
          ]
        }
      ]
    },
    {
      "module": "module.database",
      "mode": "managed",
      "type": "digitalocean_database_user",
      "name": "app_users",
      "provider": "provider[\"registry.terraform.io/digitalocean/digitalocean\"]",
      "instances": [
        {
          "index_key": "app1",
          "schema_version": 0,
          "attributes": {
            "access_cert": null,
            "access_key": null,
            "cluster_id": "f8b815ff-8cec-49f3-904c-4a849be3239c",
            "id": "f8b815ff-8cec-49f3-904c-4a849be3239c/user/appuser1",
            "mysql_auth_plugin": "caching_sha2_password",
            "name": "appuser1",
            "password": "AVNS_UrqPN30TxCF7qKe2AZQ",
            "role": "normal",
            "settings": []
          },
          "sensitive_attributes": [],
          "private": "bnVsbA==",
          "dependencies": [
            "module.database.digitalocean_database_cluster.mysql",
            "module.network.digitalocean_vpc.main"
          ]
        },
        {
          "index_key": "app2",
          "schema_version": 0,
          "attributes": {
            "access_cert": null,
            "access_key": null,
            "cluster_id": "f8b815ff-8cec-49f3-904c-4a849be3239c",
            "id": "f8b815ff-8cec-49f3-904c-4a849be3239c/user/appuser2",
            "mysql_auth_plugin": "caching_sha2_password",
            "name": "appuser2",
            "password": "AVNS_jm670x06JXsrJGdtjXC",
            "role": "normal",
            "settings": []
          },
          "sensitive_attributes": [],
          "private": "bnVsbA==",
          "dependencies": [
            "module.database.digitalocean_database_cluster.mysql",
            "module.network.digitalocean_vpc.main"
          ]
        }
      ]
    },
    {
      "module": "module.droplets",
      "mode": "managed",
      "type": "digitalocean_droplet",
      "name": "web",
      "provider": "provider[\"registry.terraform.io/digitalocean/digitalocean\"]",
      "instances": [
        {
          "index_key": "web-1",
          "schema_version": 1,
          "attributes": {
            "backup_policy": [],
            "backups": false,
            "created_at": "2025-06-27T20:47:09Z",
            "disk": 25,
            "droplet_agent": null,
            "graceful_shutdown": false,
            "id": "504788401",
            "image": "ubuntu-22-04-x64",
            "ipv4_address": "161.35.5.55",
            "ipv4_address_private": "10.0.0.2",
            "ipv6": false,
            "ipv6_address": "",
            "locked": false,
            "memory": 1024,
            "monitoring": false,
            "name": "web-1",
            "price_hourly": 0.00893,
            "price_monthly": 6,
            "private_networking": true,
            "region": "nyc1",
            "resize_disk": true,
            "size": "s-1vcpu-1gb",
            "ssh_keys": [
              "56:b6:82:8c:84:e4:53:da:91:2d:9f:ec:3c:0e:41:81"
            ],
            "status": "active",
            "tags": null,
            "timeouts": null,
            "urn": "do:droplet:504788401",
            "user_data": "50845be81cad17e40101c45d532ef8a259320a0f",
            "vcpus": 1,
            "volume_ids": [],
            "vpc_uuid": "dff0b009-8b9c-4142-96ad-cfbace698e75"
          },
          "sensitive_attributes": [],
          "private": "eyJlMmJmYjczMC1lY2FhLTExZTYtOGY4OC0zNDM2M2JjN2M0YzAiOnsiY3JlYXRlIjozNjAwMDAwMDAwMDAwLCJkZWxldGUiOjYwMDAwMDAwMDAwLCJ1cGRhdGUiOjM2MDAwMDAwMDAwMDB9LCJzY2hlbWFfdmVyc2lvbiI6IjEifQ==",
          "dependencies": [
            "digitalocean_ssh_key.main",
            "module.network.digitalocean_vpc.main"
          ]
        },
        {
          "index_key": "web-2",
          "schema_version": 1,
          "attributes": {
            "backup_policy": [],
            "backups": false,
            "created_at": "2025-06-27T20:47:10Z",
            "disk": 25,
            "droplet_agent": null,
            "graceful_shutdown": false,
            "id": "504788405",
            "image": "ubuntu-22-04-x64",
            "ipv4_address": "68.183.140.158",
            "ipv4_address_private": "10.0.0.3",
            "ipv6": false,
            "ipv6_address": "",
            "locked": false,
            "memory": 1024,
            "monitoring": false,
            "name": "web-2",
            "price_hourly": 0.00893,
            "price_monthly": 6,
            "private_networking": true,
            "region": "nyc1",
            "resize_disk": true,
            "size": "s-1vcpu-1gb",
            "ssh_keys": [
              "56:b6:82:8c:84:e4:53:da:91:2d:9f:ec:3c:0e:41:81"
            ],
            "status": "active",
            "tags": null,
            "timeouts": null,
            "urn": "do:droplet:504788405",
            "user_data": "50845be81cad17e40101c45d532ef8a259320a0f",
            "vcpus": 1,
            "volume_ids": [],
            "vpc_uuid": "dff0b009-8b9c-4142-96ad-cfbace698e75"
          },
          "sensitive_attributes": [],
          "private": "eyJlMmJmYjczMC1lY2FhLTExZTYtOGY4OC0zNDM2M2JjN2M0YzAiOnsiY3JlYXRlIjozNjAwMDAwMDAwMDAwLCJkZWxldGUiOjYwMDAwMDAwMDAwLCJ1cGRhdGUiOjM2MDAwMDAwMDAwMDB9LCJzY2hlbWFfdmVyc2lvbiI6IjEifQ==",
          "dependencies": [
            "digitalocean_ssh_key.main",
            "module.network.digitalocean_vpc.main"
          ]
        }
      ]
    },
    {
      "module": "module.loadbalancer",
      "mode": "managed",
      "type": "digitalocean_loadbalancer",
      "name": "web",
      "provider": "provider[\"registry.terraform.io/digitalocean/digitalocean\"]",
      "instances": [
        {
          "schema_version": 1,
          "attributes": {
            "algorithm": "round_robin",
            "disable_lets_encrypt_dns_records": false,
            "domains": [],
            "droplet_ids": [
              504788401,
              504788405
            ],
            "droplet_tag": "",
            "enable_backend_keepalive": false,
            "enable_proxy_protocol": false,
            "firewall": [],
            "forwarding_rule": [
              {
                "certificate_id": "",
                "certificate_name": "",
                "entry_port": 80,
                "entry_protocol": "http",
                "target_port": 80,
                "target_protocol": "http",
                "tls_passthrough": false
              }
            ],
            "glb_settings": [],
            "healthcheck": [
              {
                "check_interval_seconds": 10,
                "healthy_threshold": 3,
                "path": "/",
                "port": 80,
                "protocol": "http",
                "response_timeout_seconds": 5,
                "unhealthy_threshold": 3
              }
            ],
            "http_idle_timeout_seconds": 60,
            "id": "57d10862-9563-4317-936d-69e37b0f6e48",
            "ip": "143.244.203.235",
            "ipv6": "2604:a880:400:d1:0:2:4619:4001",
            "name": "web-lb",
            "network": null,
            "network_stack": null,
            "project_id": "4a5259e9-1f74-4a75-aab4-410e365d4f7b",
            "redirect_http_to_https": false,
            "region": "nyc1",
            "size": "lb-small",
            "size_unit": 1,
            "status": "active",
            "sticky_sessions": [
              {
                "cookie_name": "",
                "cookie_ttl_seconds": 0,
                "type": "none"
              }
            ],
            "target_load_balancer_ids": [],
            "tls_cipher_policy": null,
            "type": "REGIONAL",
            "urn": "do:loadbalancer:57d10862-9563-4317-936d-69e37b0f6e48",
            "vpc_uuid": "dff0b009-8b9c-4142-96ad-cfbace698e75"
          },
          "sensitive_attributes": [],
          "private": "eyJzY2hlbWFfdmVyc2lvbiI6IjEifQ==",
          "dependencies": [
            "digitalocean_ssh_key.main",
            "module.droplets.digitalocean_droplet.web",
            "module.network.digitalocean_vpc.main"
          ]
        }
      ]
    },
    {
      "module": "module.network",
      "mode": "managed",
      "type": "digitalocean_firewall",
      "name": "web",
      "provider": "provider[\"registry.terraform.io/digitalocean/digitalocean\"]",
      "instances": [
        {
          "index_key": 0,
          "schema_version": 0,
          "attributes": {
            "created_at": "2025-06-27T20:47:36Z",
            "droplet_ids": [
              504788401,
              504788405
            ],
            "id": "c36d8223-e5f8-481e-9560-ed0c3acf91bc",
            "inbound_rule": [
              {
                "port_range": "22",
                "protocol": "tcp",
                "source_addresses": [
                  "0.0.0.0/0",
                  "::/0"
                ],
                "source_droplet_ids": [],
                "source_kubernetes_ids": [],
                "source_load_balancer_uids": [],
                "source_tags": []
              },
              {
                "port_range": "443",
                "protocol": "tcp",
                "source_addresses": [
                  "0.0.0.0/0",
                  "::/0"
                ],
                "source_droplet_ids": [],
                "source_kubernetes_ids": [],
                "source_load_balancer_uids": [],
                "source_tags": []
              },
              {
                "port_range": "80",
                "protocol": "tcp",
                "source_addresses": [
                  "0.0.0.0/0",
                  "::/0"
                ],
                "source_droplet_ids": [],
                "source_kubernetes_ids": [],
                "source_load_balancer_uids": [],
                "source_tags": []
              }
            ],
            "name": "main-vpc-web-firewall",
            "outbound_rule": [
              {
                "destination_addresses": [
                  "0.0.0.0/0",
                  "::/0"
                ],
                "destination_droplet_ids": [],
                "destination_kubernetes_ids": [],
                "destination_load_balancer_uids": [],
                "destination_tags": [],
                "port_range": "",
                "protocol": "icmp"
              },
              {
                "destination_addresses": [
                  "0.0.0.0/0",
                  "::/0"
                ],
                "destination_droplet_ids": [],
                "destination_kubernetes_ids": [],
                "destination_load_balancer_uids": [],
                "destination_tags": [],
                "port_range": "1-65535",
                "protocol": "tcp"
              },
              {
                "destination_addresses": [
                  "0.0.0.0/0",
                  "::/0"
                ],
                "destination_droplet_ids": [],
                "destination_kubernetes_ids": [],
                "destination_load_balancer_uids": [],
                "destination_tags": [],
                "port_range": "1-65535",
                "protocol": "udp"
              }
            ],
            "pending_changes": [
              {
                "droplet_id": 504788401,
                "removing": false,
                "status": "waiting"
              },
              {
                "droplet_id": 504788405,
                "removing": false,
                "status": "waiting"
              }
            ],
            "status": "waiting",
            "tags": null
          },
          "sensitive_attributes": [],
          "private": "bnVsbA==",
          "dependencies": [
            "digitalocean_ssh_key.main",
            "module.droplets.digitalocean_droplet.web",
            "module.network.digitalocean_vpc.main"
          ]
        }
      ]
    },
    {
      "module": "module.network",
      "mode": "managed",
      "type": "digitalocean_vpc",
      "name": "main",
      "provider": "provider[\"registry.terraform.io/digitalocean/digitalocean\"]",
      "instances": [
        {
          "schema_version": 0,
          "attributes": {
            "created_at": "2025-06-27 20:47:07 +0000 UTC",
            "default": false,
            "description": "",
            "id": "dff0b009-8b9c-4142-96ad-cfbace698e75",
            "ip_range": "10.0.0.0/24",
            "name": "main-vpc",
            "region": "nyc1",
            "timeouts": null,
            "urn": "do:vpc:dff0b009-8b9c-4142-96ad-cfbace698e75"
          },
          "sensitive_attributes": [],
          "private": "eyJlMmJmYjczMC1lY2FhLTExZTYtOGY4OC0zNDM2M2JjN2M0YzAiOnsiZGVsZXRlIjoxMjAwMDAwMDAwMDB9fQ=="
        }
      ]
    }
  ],
  "check_results": null
}
